attrs==26.1.0 \
    --hash=sha256:c647aa4a12dfbad9333ca4e71fe62ddc36f4e63b2d260a37a8b83d2f043ac309
jsonschema==4.26.0 \
    --hash=sha256:d489f15263b8d200f8387e64b4c3a75f06629559fb73deb8fdfb525f2dab50ce
jsonschema-specifications==2025.9.1 \
    --hash=sha256:98802fee3a11ee76ecaca44429fda8a41bff98b00a0f2838151b113f210cc6fe
PyYAML==6.0.3 \
    --hash=sha256:652cb6edd41e718550aad172851962662ff2681490a8a711af6a4d288dd96824 \
    --hash=sha256:b8bb0864c5a28024fac8a632c443c87c5aa6f215c0b126c449ae1a150412f31d
referencing==0.37.0 \
    --hash=sha256:381329a9f99628c9069361716891d34ad94af76e461dcb0335825aecc7692231
rpds-py==0.30.0 \
    --hash=sha256:33f559f3104504506a44bb666b93a33f5d33133765b0c216a5bf2f1e1503af89 \
    --hash=sha256:dc4f992dfe1e2bc3ebc7444f6c7051b4bc13cd8e33e43511e8ffd13bf407010d
typing_extensions==4.15.0 \
    --hash=sha256:f0fa19c6845758ab08074a0cfa8b7aecb71c999ca73d62883bc25cc018c4e548
